
Microsoft Visual Studio Solution File, Format Version 12.00
# Visual Studio 14
VisualStudioVersion = 14.0.23107.0
MinimumVisualStudioVersion = 10.0.40219.1
Project("{FAE04EC0-301F-11D3-BF4B-00C04F79EFBC}") = "QSP", "QSP\QSP.csproj", "{182CA73B-6911-4D37-BA34-C86232FE37F1}"
EndProject
Project("{FAE04EC0-301F-11D3-BF4B-00C04F79EFBC}") = "UnitTest", "UnitTest\UnitTest.csproj", "{1301576E-314F-437F-AC78-60F1434D7B63}"
EndProject
Global
	GlobalSection(Performance) = preSolution
		HasPerformanceSessions = true
	EndGlobalSection
	GlobalSection(SolutionConfigurationPlatforms) = preSolution
		Debug|Any CPU = Debug|Any CPU
		Release|Any CPU = Release|Any CPU
	EndGlobalSection
	GlobalSection(ProjectConfigurationPlatforms) = postSolution
		{182CA73B-6911-4D37-BA34-C86232FE37F1}.Debug|Any CPU.ActiveCfg = Debug|Any CPU
		{182CA73B-6911-4D37-BA34-C86232FE37F1}.Debug|Any CPU.Build.0 = Debug|Any CPU
		{182CA73B-6911-4D37-BA34-C86232FE37F1}.Release|Any CPU.ActiveCfg = Release|Any CPU
		{182CA73B-6911-4D37-BA34-C86232FE37F1}.Release|Any CPU.Build.0 = Release|Any CPU
		{1301576E-314F-437F-AC78-60F1434D7B63}.Debug|Any CPU.ActiveCfg = Debug|Any CPU
		{1301576E-314F-437F-AC78-60F1434D7B63}.Debug|Any CPU.Build.0 = Debug|Any CPU
		{1301576E-314F-437F-AC78-60F1434D7B63}.Release|Any CPU.ActiveCfg = Release|Any CPU
		{1301576E-314F-437F-AC78-60F1434D7B63}.Release|Any CPU.Build.0 = Release|Any CPU
	EndGlobalSection
	GlobalSection(SolutionProperties) = preSolution
		HideSolutionNode = FALSE
	EndGlobalSection
EndGlobal
