
Microsoft Visual Studio Solution File, Format Version 12.00
# Visual Studio 14
VisualStudioVersion = 14.0.25420.1
MinimumVisualStudioVersion = 10.0.40219.1
Project("{FAE04EC0-301F-11D3-BF4B-00C04F79EFBC}") = "QSP", "QSP\QSP.csproj", "{182CA73B-6911-4D37-BA34-C86232FE37F1}"
EndProject
Project("{FAE04EC0-301F-11D3-BF4B-00C04F79EFBC}") = "UnitTest", "Tests\UnitTest\UnitTest.csproj", "{1301576E-314F-437F-AC78-60F1434D7B63}"
EndProject
Project("{2150E333-8FDC-42A3-9474-1A3956D46DE8}") = "Solution Items", "Solution Items", "{0F086D96-14AE-45B8-B9E1-CBA61B11E6DC}"
EndProject
Project("{FAE04EC0-301F-11D3-BF4B-00C04F79EFBC}") = "TrackBackupApp", "TrackBackupApp\TrackBackupApp.csproj", "{623B608B-3455-4042-8955-D7D2643D9E6D}"
EndProject
Project("{FAE04EC0-301F-11D3-BF4B-00C04F79EFBC}") = "IntegrationTest", "Tests\IntegrationTest\IntegrationTest.csproj", "{F56577DD-5BFA-472B-B67C-38F4977029CC}"
EndProject
Project("{FAE04EC0-301F-11D3-BF4B-00C04F79EFBC}") = "QSimPlanner", "QSimPlanner\QSimPlanner.csproj", "{7433BBDD-5E90-47E6-B3D0-7D695D554742}"
EndProject
Project("{FAE04EC0-301F-11D3-BF4B-00C04F79EFBC}") = "QspLite", "QspLite\QspLite.csproj", "{F7D791E4-7457-4348-8ACF-3FBEA01C34A4}"
EndProject
Project("{FAE04EC0-301F-11D3-BF4B-00C04F79EFBC}") = "PostBuild", "PostBuild\PostBuild.csproj", "{8D3DA33D-5D1D-4D7A-B64B-BBBE486C49DC}"
EndProject
Project("{54435603-DBB4-11D2-8724-00A0C9A8B90C}") = "QspLiteSetup", "QspLiteSetup\QspLiteSetup.vdproj", "{277357F4-536D-47C2-97E0-F58D94A1CACE}"
EndProject
Project("{54435603-DBB4-11D2-8724-00A0C9A8B90C}") = "Installer", "Installer\Installer.vdproj", "{65626453-CABD-4CD5-BC69-CBF8982CE26D}"
EndProject
Project("{FAE04EC0-301F-11D3-BF4B-00C04F79EFBC}") = "InstallerBuilder", "Installer\InstallerBuilder\InstallerBuilder.csproj", "{AEB07B76-B123-4395-AF28-EC8746D5141D}"
EndProject
Project("{FAE04EC0-301F-11D3-BF4B-00C04F79EFBC}") = "Launcher", "Launcher\Launcher.csproj", "{C31923B7-5228-4102-84AB-73A9A5B17491}"
EndProject
Global
	GlobalSection(SolutionConfigurationPlatforms) = preSolution
		Debug|Any CPU = Debug|Any CPU
		Release|Any CPU = Release|Any CPU
	EndGlobalSection
	GlobalSection(ProjectConfigurationPlatforms) = postSolution
		{182CA73B-6911-4D37-BA34-C86232FE37F1}.Debug|Any CPU.ActiveCfg = Debug|Any CPU
		{182CA73B-6911-4D37-BA34-C86232FE37F1}.Debug|Any CPU.Build.0 = Debug|Any CPU
		{182CA73B-6911-4D37-BA34-C86232FE37F1}.Release|Any CPU.ActiveCfg = Release|Any CPU
		{182CA73B-6911-4D37-BA34-C86232FE37F1}.Release|Any CPU.Build.0 = Release|Any CPU
		{1301576E-314F-437F-AC78-60F1434D7B63}.Debug|Any CPU.ActiveCfg = Debug|Any CPU
		{1301576E-314F-437F-AC78-60F1434D7B63}.Debug|Any CPU.Build.0 = Debug|Any CPU
		{1301576E-314F-437F-AC78-60F1434D7B63}.Release|Any CPU.ActiveCfg = Release|Any CPU
		{1301576E-314F-437F-AC78-60F1434D7B63}.Release|Any CPU.Build.0 = Release|Any CPU
		{623B608B-3455-4042-8955-D7D2643D9E6D}.Debug|Any CPU.ActiveCfg = Debug|Any CPU
		{623B608B-3455-4042-8955-D7D2643D9E6D}.Debug|Any CPU.Build.0 = Debug|Any CPU
		{623B608B-3455-4042-8955-D7D2643D9E6D}.Release|Any CPU.ActiveCfg = Release|Any CPU
		{623B608B-3455-4042-8955-D7D2643D9E6D}.Release|Any CPU.Build.0 = Release|Any CPU
		{F56577DD-5BFA-472B-B67C-38F4977029CC}.Debug|Any CPU.ActiveCfg = Debug|Any CPU
		{F56577DD-5BFA-472B-B67C-38F4977029CC}.Debug|Any CPU.Build.0 = Debug|Any CPU
		{F56577DD-5BFA-472B-B67C-38F4977029CC}.Release|Any CPU.ActiveCfg = Release|Any CPU
		{F56577DD-5BFA-472B-B67C-38F4977029CC}.Release|Any CPU.Build.0 = Release|Any CPU
		{7433BBDD-5E90-47E6-B3D0-7D695D554742}.Debug|Any CPU.ActiveCfg = Debug|Any CPU
		{7433BBDD-5E90-47E6-B3D0-7D695D554742}.Debug|Any CPU.Build.0 = Debug|Any CPU
		{7433BBDD-5E90-47E6-B3D0-7D695D554742}.Release|Any CPU.ActiveCfg = Release|Any CPU
		{7433BBDD-5E90-47E6-B3D0-7D695D554742}.Release|Any CPU.Build.0 = Release|Any CPU
		{F7D791E4-7457-4348-8ACF-3FBEA01C34A4}.Debug|Any CPU.ActiveCfg = Debug|Any CPU
		{F7D791E4-7457-4348-8ACF-3FBEA01C34A4}.Debug|Any CPU.Build.0 = Debug|Any CPU
		{F7D791E4-7457-4348-8ACF-3FBEA01C34A4}.Release|Any CPU.ActiveCfg = Release|Any CPU
		{F7D791E4-7457-4348-8ACF-3FBEA01C34A4}.Release|Any CPU.Build.0 = Release|Any CPU
		{8D3DA33D-5D1D-4D7A-B64B-BBBE486C49DC}.Debug|Any CPU.ActiveCfg = Debug|Any CPU
		{8D3DA33D-5D1D-4D7A-B64B-BBBE486C49DC}.Debug|Any CPU.Build.0 = Debug|Any CPU
		{8D3DA33D-5D1D-4D7A-B64B-BBBE486C49DC}.Release|Any CPU.ActiveCfg = Release|Any CPU
		{8D3DA33D-5D1D-4D7A-B64B-BBBE486C49DC}.Release|Any CPU.Build.0 = Release|Any CPU
		{277357F4-536D-47C2-97E0-F58D94A1CACE}.Debug|Any CPU.ActiveCfg = Debug
		{277357F4-536D-47C2-97E0-F58D94A1CACE}.Release|Any CPU.ActiveCfg = Release
		{65626453-CABD-4CD5-BC69-CBF8982CE26D}.Debug|Any CPU.ActiveCfg = Debug
		{65626453-CABD-4CD5-BC69-CBF8982CE26D}.Release|Any CPU.ActiveCfg = Release
		{AEB07B76-B123-4395-AF28-EC8746D5141D}.Debug|Any CPU.ActiveCfg = Debug|Any CPU
		{AEB07B76-B123-4395-AF28-EC8746D5141D}.Debug|Any CPU.Build.0 = Debug|Any CPU
		{AEB07B76-B123-4395-AF28-EC8746D5141D}.Release|Any CPU.ActiveCfg = Release|Any CPU
		{AEB07B76-B123-4395-AF28-EC8746D5141D}.Release|Any CPU.Build.0 = Release|Any CPU
		{C31923B7-5228-4102-84AB-73A9A5B17491}.Debug|Any CPU.ActiveCfg = Debug|Any CPU
		{C31923B7-5228-4102-84AB-73A9A5B17491}.Debug|Any CPU.Build.0 = Debug|Any CPU
		{C31923B7-5228-4102-84AB-73A9A5B17491}.Release|Any CPU.ActiveCfg = Release|Any CPU
		{C31923B7-5228-4102-84AB-73A9A5B17491}.Release|Any CPU.Build.0 = Release|Any CPU
	EndGlobalSection
	GlobalSection(SolutionProperties) = preSolution
		HideSolutionNode = FALSE
	EndGlobalSection
EndGlobal
