
Microsoft Visual Studio Solution File, Format Version 12.00
# Visual Studio 14
VisualStudioVersion = 14.0.25420.1
MinimumVisualStudioVersion = 10.0.40219.1
Project("{FAE04EC0-301F-11D3-BF4B-00C04F79EFBC}") = "QSP", "QSP\QSP.csproj", "{182CA73B-6911-4D37-BA34-C86232FE37F1}"
EndProject
Project("{FAE04EC0-301F-11D3-BF4B-00C04F79EFBC}") = "UnitTest", "Tests\UnitTest\UnitTest.csproj", "{1301576E-314F-437F-AC78-60F1434D7B63}"
EndProject
Project("{2150E333-8FDC-42A3-9474-1A3956D46DE8}") = "Solution Items", "Solution Items", "{0F086D96-14AE-45B8-B9E1-CBA61B11E6DC}"
EndProject
Project("{FAE04EC0-301F-11D3-BF4B-00C04F79EFBC}") = "TrackBackupApp", "TrackBackupApp\TrackBackupApp.csproj", "{623B608B-3455-4042-8955-D7D2643D9E6D}"
EndProject
Project("{FAE04EC0-301F-11D3-BF4B-00C04F79EFBC}") = "IntegrationTest", "Tests\IntegrationTest\IntegrationTest.csproj", "{F56577DD-5BFA-472B-B67C-38F4977029CC}"
EndProject
Project("{FAE04EC0-301F-11D3-BF4B-00C04F79EFBC}") = "InstallerBuilder", "Installer\InstallerBuilder\InstallerBuilder.csproj", "{AEB07B76-B123-4395-AF28-EC8746D5141D}"
EndProject
Project("{FAE04EC0-301F-11D3-BF4B-00C04F79EFBC}") = "Launcher", "Launcher\Launcher.csproj", "{C31923B7-5228-4102-84AB-73A9A5B17491}"
EndProject
Project("{FAE04EC0-301F-11D3-BF4B-00C04F79EFBC}") = "B748F", "FuelProfileConversion\B748F\B748F.csproj", "{3ED0087B-AE79-4F78-A0C5-D061D4B5B017}"
EndProject
Project("{FAE04EC0-301F-11D3-BF4B-00C04F79EFBC}") = "FixTypeAnalyzer", "FixTypeAnalyzer\FixTypeAnalyzer.csproj", "{21E4CE4D-BEAE-40DF-B66C-DA3618345432}"
EndProject
Global
	GlobalSection(SolutionConfigurationPlatforms) = preSolution
		Debug|Any CPU = Debug|Any CPU
		Release|Any CPU = Release|Any CPU
	EndGlobalSection
	GlobalSection(ProjectConfigurationPlatforms) = postSolution
		{182CA73B-6911-4D37-BA34-C86232FE37F1}.Debug|Any CPU.ActiveCfg = Debug|Any CPU
		{182CA73B-6911-4D37-BA34-C86232FE37F1}.Debug|Any CPU.Build.0 = Debug|Any CPU
		{182CA73B-6911-4D37-BA34-C86232FE37F1}.Release|Any CPU.ActiveCfg = Release|Any CPU
		{182CA73B-6911-4D37-BA34-C86232FE37F1}.Release|Any CPU.Build.0 = Release|Any CPU
		{1301576E-314F-437F-AC78-60F1434D7B63}.Debug|Any CPU.ActiveCfg = Debug|Any CPU
		{1301576E-314F-437F-AC78-60F1434D7B63}.Debug|Any CPU.Build.0 = Debug|Any CPU
		{1301576E-314F-437F-AC78-60F1434D7B63}.Release|Any CPU.ActiveCfg = Release|Any CPU
		{1301576E-314F-437F-AC78-60F1434D7B63}.Release|Any CPU.Build.0 = Release|Any CPU
		{623B608B-3455-4042-8955-D7D2643D9E6D}.Debug|Any CPU.ActiveCfg = Debug|Any CPU
		{623B608B-3455-4042-8955-D7D2643D9E6D}.Debug|Any CPU.Build.0 = Debug|Any CPU
		{623B608B-3455-4042-8955-D7D2643D9E6D}.Release|Any CPU.ActiveCfg = Release|Any CPU
		{623B608B-3455-4042-8955-D7D2643D9E6D}.Release|Any CPU.Build.0 = Release|Any CPU
		{F56577DD-5BFA-472B-B67C-38F4977029CC}.Debug|Any CPU.ActiveCfg = Debug|Any CPU
		{F56577DD-5BFA-472B-B67C-38F4977029CC}.Debug|Any CPU.Build.0 = Debug|Any CPU
		{F56577DD-5BFA-472B-B67C-38F4977029CC}.Release|Any CPU.ActiveCfg = Release|Any CPU
		{F56577DD-5BFA-472B-B67C-38F4977029CC}.Release|Any CPU.Build.0 = Release|Any CPU
		{AEB07B76-B123-4395-AF28-EC8746D5141D}.Debug|Any CPU.ActiveCfg = Debug|Any CPU
		{AEB07B76-B123-4395-AF28-EC8746D5141D}.Debug|Any CPU.Build.0 = Debug|Any CPU
		{AEB07B76-B123-4395-AF28-EC8746D5141D}.Release|Any CPU.ActiveCfg = Release|Any CPU
		{AEB07B76-B123-4395-AF28-EC8746D5141D}.Release|Any CPU.Build.0 = Release|Any CPU
		{C31923B7-5228-4102-84AB-73A9A5B17491}.Debug|Any CPU.ActiveCfg = Debug|Any CPU
		{C31923B7-5228-4102-84AB-73A9A5B17491}.Debug|Any CPU.Build.0 = Debug|Any CPU
		{C31923B7-5228-4102-84AB-73A9A5B17491}.Release|Any CPU.ActiveCfg = Release|Any CPU
		{C31923B7-5228-4102-84AB-73A9A5B17491}.Release|Any CPU.Build.0 = Release|Any CPU
		{3ED0087B-AE79-4F78-A0C5-D061D4B5B017}.Debug|Any CPU.ActiveCfg = Debug|Any CPU
		{3ED0087B-AE79-4F78-A0C5-D061D4B5B017}.Debug|Any CPU.Build.0 = Debug|Any CPU
		{3ED0087B-AE79-4F78-A0C5-D061D4B5B017}.Release|Any CPU.ActiveCfg = Release|Any CPU
		{3ED0087B-AE79-4F78-A0C5-D061D4B5B017}.Release|Any CPU.Build.0 = Release|Any CPU
		{21E4CE4D-BEAE-40DF-B66C-DA3618345432}.Debug|Any CPU.ActiveCfg = Debug|Any CPU
		{21E4CE4D-BEAE-40DF-B66C-DA3618345432}.Debug|Any CPU.Build.0 = Debug|Any CPU
		{21E4CE4D-BEAE-40DF-B66C-DA3618345432}.Release|Any CPU.ActiveCfg = Release|Any CPU
		{21E4CE4D-BEAE-40DF-B66C-DA3618345432}.Release|Any CPU.Build.0 = Release|Any CPU
	EndGlobalSection
	GlobalSection(SolutionProperties) = preSolution
		HideSolutionNode = FALSE
	EndGlobalSection
EndGlobal
